
Microsoft Visual Studio Solution File, Format Version 12.00
# Visual Studio Version 17
VisualStudioVersion = 17.10.35027.167
MinimumVisualStudioVersion = 10.0.40219.1
Project("{9A19103F-16F7-4668-BE54-9A1E7A4F7556}") = "SchoolManager.StudentsApi", "SchoolManager.StudentsApi\SchoolManager.StudentsApi.csproj", "{58ABBC95-384E-46BD-9E6F-C30AEE123E61}"
EndProject
Project("{9A19103F-16F7-4668-BE54-9A1E7A4F7556}") = "SchoolManager.Frontend", "SchoolManager.Frontend\SchoolManager.Frontend.csproj", "{56FBE0BB-4FCA-42E6-90B4-A4E9E183F7F0}"
EndProject
Project("{9A19103F-16F7-4668-BE54-9A1E7A4F7556}") = "SchoolManager.Common", "SchoolManager.Common\SchoolManager.Common.csproj", "{974D1F43-3F29-4DC9-9D99-1907E78C695C}"
EndProject
Project("{9A19103F-16F7-4668-BE54-9A1E7A4F7556}") = "SchoolManager.TeachersApi", "SchoolManager.TeachersApi\SchoolManager.TeachersApi.csproj", "{2DA20B7F-741C-456A-A088-477ECDCAB85A}"
EndProject
Project("{9A19103F-16F7-4668-BE54-9A1E7A4F7556}") = "SchoolManager.CoursesApi", "SchoolManager.CoursesApi\SchoolManager.CoursesApi.csproj", "{329E1E62-20DD-4BEB-91DB-A44FE8322795}"
EndProject
Global
	GlobalSection(SolutionConfigurationPlatforms) = preSolution
		Debug|Any CPU = Debug|Any CPU
		Release|Any CPU = Release|Any CPU
	EndGlobalSection
	GlobalSection(ProjectConfigurationPlatforms) = postSolution
		{58ABBC95-384E-46BD-9E6F-C30AEE123E61}.Debug|Any CPU.ActiveCfg = Debug|Any CPU
		{58ABBC95-384E-46BD-9E6F-C30AEE123E61}.Debug|Any CPU.Build.0 = Debug|Any CPU
		{58ABBC95-384E-46BD-9E6F-C30AEE123E61}.Release|Any CPU.ActiveCfg = Release|Any CPU
		{58ABBC95-384E-46BD-9E6F-C30AEE123E61}.Release|Any CPU.Build.0 = Release|Any CPU
		{56FBE0BB-4FCA-42E6-90B4-A4E9E183F7F0}.Debug|Any CPU.ActiveCfg = Debug|Any CPU
		{56FBE0BB-4FCA-42E6-90B4-A4E9E183F7F0}.Debug|Any CPU.Build.0 = Debug|Any CPU
		{56FBE0BB-4FCA-42E6-90B4-A4E9E183F7F0}.Release|Any CPU.ActiveCfg = Release|Any CPU
		{56FBE0BB-4FCA-42E6-90B4-A4E9E183F7F0}.Release|Any CPU.Build.0 = Release|Any CPU
		{974D1F43-3F29-4DC9-9D99-1907E78C695C}.Debug|Any CPU.ActiveCfg = Debug|Any CPU
		{974D1F43-3F29-4DC9-9D99-1907E78C695C}.Debug|Any CPU.Build.0 = Debug|Any CPU
		{974D1F43-3F29-4DC9-9D99-1907E78C695C}.Release|Any CPU.ActiveCfg = Release|Any CPU
		{974D1F43-3F29-4DC9-9D99-1907E78C695C}.Release|Any CPU.Build.0 = Release|Any CPU
		{2DA20B7F-741C-456A-A088-477ECDCAB85A}.Debug|Any CPU.ActiveCfg = Debug|Any CPU
		{2DA20B7F-741C-456A-A088-477ECDCAB85A}.Debug|Any CPU.Build.0 = Debug|Any CPU
		{2DA20B7F-741C-456A-A088-477ECDCAB85A}.Release|Any CPU.ActiveCfg = Release|Any CPU
		{2DA20B7F-741C-456A-A088-477ECDCAB85A}.Release|Any CPU.Build.0 = Release|Any CPU
		{329E1E62-20DD-4BEB-91DB-A44FE8322795}.Debug|Any CPU.ActiveCfg = Debug|Any CPU
		{329E1E62-20DD-4BEB-91DB-A44FE8322795}.Debug|Any CPU.Build.0 = Debug|Any CPU
		{329E1E62-20DD-4BEB-91DB-A44FE8322795}.Release|Any CPU.ActiveCfg = Release|Any CPU
		{329E1E62-20DD-4BEB-91DB-A44FE8322795}.Release|Any CPU.Build.0 = Release|Any CPU
	EndGlobalSection
	GlobalSection(SolutionProperties) = preSolution
		HideSolutionNode = FALSE
	EndGlobalSection
	GlobalSection(ExtensibilityGlobals) = postSolution
		SolutionGuid = {0BA19B4A-2880-472A-ABBD-B1DF7453CF8E}
	EndGlobalSection
EndGlobal
